
Microsoft Visual Studio Solution File, Format Version 12.00
# Visual Studio Version 17
VisualStudioVersion = 17.7.34031.279
MinimumVisualStudioVersion = 10.0.40219.1
Project("{FAE04EC0-301F-11D3-BF4B-00C04F79EFBC}") = "hw_10_task_01", "hw_10_task_01\hw_10_task_01.csproj", "{BEEE4C73-89EE-4699-BD56-BE76992BD8B3}"
EndProject
Global
	GlobalSection(SolutionConfigurationPlatforms) = preSolution
		Debug|Any CPU = Debug|Any CPU
		Release|Any CPU = Release|Any CPU
	EndGlobalSection
	GlobalSection(ProjectConfigurationPlatforms) = postSolution
		{BEEE4C73-89EE-4699-BD56-BE76992BD8B3}.Debug|Any CPU.ActiveCfg = Debug|Any CPU
		{BEEE4C73-89EE-4699-BD56-BE76992BD8B3}.Debug|Any CPU.Build.0 = Debug|Any CPU
		{BEEE4C73-89EE-4699-BD56-BE76992BD8B3}.Release|Any CPU.ActiveCfg = Release|Any CPU
		{BEEE4C73-89EE-4699-BD56-BE76992BD8B3}.Release|Any CPU.Build.0 = Release|Any CPU
	EndGlobalSection
	GlobalSection(SolutionProperties) = preSolution
		HideSolutionNode = FALSE
	EndGlobalSection
	GlobalSection(ExtensibilityGlobals) = postSolution
		SolutionGuid = {D744C671-86B4-4906-BE95-D26969CBA0C0}
	EndGlobalSection
EndGlobal
